
Microsoft Visual Studio Solution File, Format Version 12.00
# Visual Studio Version 16
VisualStudioVersion = 16.0.29326.143
MinimumVisualStudioVersion = 10.0.40219.1
Project("{FAE04EC0-301F-11D3-BF4B-00C04F79EFBC}") = "IdleGame", "IdleGame.csproj", "{788B191E-050B-4840-AD81-66B3F5B5AFAF}"
EndProject
Global
	GlobalSection(SolutionConfigurationPlatforms) = preSolution
		Debug|Any CPU = Debug|Any CPU
		Release|Any CPU = Release|Any CPU
	EndGlobalSection
	GlobalSection(ProjectConfigurationPlatforms) = postSolution
		{788B191E-050B-4840-AD81-66B3F5B5AFAF}.Debug|Any CPU.ActiveCfg = Debug|Any CPU
		{788B191E-050B-4840-AD81-66B3F5B5AFAF}.Debug|Any CPU.Build.0 = Debug|Any CPU
		{788B191E-050B-4840-AD81-66B3F5B5AFAF}.Debug|Any CPU.Deploy.0 = Debug|Any CPU
		{788B191E-050B-4840-AD81-66B3F5B5AFAF}.Release|Any CPU.ActiveCfg = Release|Any CPU
		{788B191E-050B-4840-AD81-66B3F5B5AFAF}.Release|Any CPU.Build.0 = Release|Any CPU
		{788B191E-050B-4840-AD81-66B3F5B5AFAF}.Release|Any CPU.Deploy.0 = Release|Any CPU
	EndGlobalSection
	GlobalSection(SolutionProperties) = preSolution
		HideSolutionNode = FALSE
	EndGlobalSection
	GlobalSection(ExtensibilityGlobals) = postSolution
		SolutionGuid = {291C4329-DB41-43F4-B967-389F1C4672F5}
	EndGlobalSection
EndGlobal
